// !$*UTF8*$!
{
	archiveVersion = 1;
	classes = {
	};
	objectVersion = 46;
	objects = {

/* Begin PBXBuildFile section */
		6C28DF8E1A04F299003C46BD /* CFNetwork.framework in Frameworks */ = {isa = PBXBuildFile; fileRef = 6C28DF8D1A04F299003C46BD /* CFNetwork.framework */; };
		6C28DF901A04F2A3003C46BD /* SystemConfiguration.framework in Frameworks */ = {isa = PBXBuildFile; fileRef = 6C28DF8F1A04F2A3003C46BD /* SystemConfiguration.framework */; };
		6C28DF921A04F2AD003C46BD /* Security.framework in Frameworks */ = {isa = PBXBuildFile; fileRef = 6C28DF911A04F2AD003C46BD /* Security.framework */; };
		6C4EE4751A05154900C04D32 /* NSAlert+MKNetworkKitAdditions.m in Sources */ = {isa = PBXBuildFile; fileRef = 6C4EE4601A05154900C04D32 /* NSAlert+MKNetworkKitAdditions.m */; };
		6C4EE4761A05154900C04D32 /* NSData+MKBase64.m in Sources */ = {isa = PBXBuildFile; fileRef = 6C4EE4621A05154900C04D32 /* NSData+MKBase64.m */; };
		6C4EE4771A05154900C04D32 /* NSDate+RFC1123.m in Sources */ = {isa = PBXBuildFile; fileRef = 6C4EE4641A05154900C04D32 /* NSDate+RFC1123.m */; };
		6C4EE4781A05154900C04D32 /* NSDictionary+RequestEncoding.m in Sources */ = {isa = PBXBuildFile; fileRef = 6C4EE4661A05154900C04D32 /* NSDictionary+RequestEncoding.m */; };
		6C4EE4791A05154900C04D32 /* NSString+MKNetworkKitAdditions.m in Sources */ = {isa = PBXBuildFile; fileRef = 6C4EE4681A05154900C04D32 /* NSString+MKNetworkKitAdditions.m */; };
		6C4EE47A1A05154900C04D32 /* UIAlertView+MKNetworkKitAdditions.m in Sources */ = {isa = PBXBuildFile; fileRef = 6C4EE46A1A05154900C04D32 /* UIAlertView+MKNetworkKitAdditions.m */; };
		6C4EE47B1A05154900C04D32 /* UIImageView+MKNetworkKitAdditions.m in Sources */ = {isa = PBXBuildFile; fileRef = 6C4EE46C1A05154900C04D32 /* UIImageView+MKNetworkKitAdditions.m */; };
		6C4EE47C1A05154900C04D32 /* MKNetworkEngine.m in Sources */ = {isa = PBXBuildFile; fileRef = 6C4EE46E1A05154900C04D32 /* MKNetworkEngine.m */; };
		6C4EE47D1A05154900C04D32 /* MKNetworkOperation.m in Sources */ = {isa = PBXBuildFile; fileRef = 6C4EE4711A05154900C04D32 /* MKNetworkOperation.m */; };
		6C4EE47E1A05154900C04D32 /* Reachability.m in Sources */ = {isa = PBXBuildFile; fileRef = 6C4EE4741A05154900C04D32 /* Reachability.m */; };
		6C6F4C9419FD0072005E52FE /* main.m in Sources */ = {isa = PBXBuildFile; fileRef = 6C6F4C9319FD0072005E52FE /* main.m */; };
		6C6F4C9719FD0072005E52FE /* AppDelegate.m in Sources */ = {isa = PBXBuildFile; fileRef = 6C6F4C9619FD0072005E52FE /* AppDelegate.m */; };
		6C6F4C9919FD0072005E52FE /* Images.xcassets in Resources */ = {isa = PBXBuildFile; fileRef = 6C6F4C9819FD0072005E52FE /* Images.xcassets */; };
		6C6F4C9C19FD0072005E52FE /* LaunchScreen.xib in Resources */ = {isa = PBXBuildFile; fileRef = 6C6F4C9A19FD0072005E52FE /* LaunchScreen.xib */; };
		6C6F4CA819FD0072005E52FE /* DailyReaderTests.m in Sources */ = {isa = PBXBuildFile; fileRef = 6C6F4CA719FD0072005E52FE /* DailyReaderTests.m */; };
		CF46749219FE867A001625A8 /* MainMenu.xib in Resources */ = {isa = PBXBuildFile; fileRef = CF46749119FE867A001625A8 /* MainMenu.xib */; };
		CF55B6CB1A02787B00944E80 /* DailyReaderViewController.m in Sources */ = {isa = PBXBuildFile; fileRef = CF55B6CA1A02787B00944E80 /* DailyReaderViewController.m */; };
		CF55B6DB1A027A8800944E80 /* tabbar_client_selected.png in Resources */ = {isa = PBXBuildFile; fileRef = CF55B6D31A027A8800944E80 /* tabbar_client_selected.png */; };
		CF55B6DC1A027A8800944E80 /* tabbar_client.png in Resources */ = {isa = PBXBuildFile; fileRef = CF55B6D41A027A8800944E80 /* tabbar_client.png */; };
		CF55B6DD1A027A8800944E80 /* tabbar_info_selected.png in Resources */ = {isa = PBXBuildFile; fileRef = CF55B6D51A027A8800944E80 /* tabbar_info_selected.png */; };
		CF55B6DE1A027A8800944E80 /* tabbar_info.png in Resources */ = {isa = PBXBuildFile; fileRef = CF55B6D61A027A8800944E80 /* tabbar_info.png */; };
		CF55B6DF1A027A8800944E80 /* tabbar_more_selected.png in Resources */ = {isa = PBXBuildFile; fileRef = CF55B6D71A027A8800944E80 /* tabbar_more_selected.png */; };
		CF55B6E01A027A8800944E80 /* tabbar_more.png in Resources */ = {isa = PBXBuildFile; fileRef = CF55B6D81A027A8800944E80 /* tabbar_more.png */; };
		CF55B6E11A027A8800944E80 /* tabbar_product_selected.png in Resources */ = {isa = PBXBuildFile; fileRef = CF55B6D91A027A8800944E80 /* tabbar_product_selected.png */; };
		CF55B6E21A027A8800944E80 /* tabbar_product.png in Resources */ = {isa = PBXBuildFile; fileRef = CF55B6DA1A027A8800944E80 /* tabbar_product.png */; };
		CF55B6F41A028EA700944E80 /* NSDate+Helpers.m in Sources */ = {isa = PBXBuildFile; fileRef = CF55B6E51A028EA700944E80 /* NSDate+Helpers.m */; };
		CF55B6F51A028EA700944E80 /* PMCalendarBackgroundView.m in Sources */ = {isa = PBXBuildFile; fileRef = CF55B6E71A028EA700944E80 /* PMCalendarBackgroundView.m */; };
		CF55B6F61A028EA700944E80 /* PMCalendarController.m in Sources */ = {isa = PBXBuildFile; fileRef = CF55B6EA1A028EA700944E80 /* PMCalendarController.m */; };
		CF55B6F71A028EA700944E80 /* PMCalendarView.m in Sources */ = {isa = PBXBuildFile; fileRef = CF55B6ED1A028EA700944E80 /* PMCalendarView.m */; };
		CF55B6F81A028EA700944E80 /* PMDimmingView.m in Sources */ = {isa = PBXBuildFile; fileRef = CF55B6EF1A028EA700944E80 /* PMDimmingView.m */; };
		CF55B6F91A028EA700944E80 /* PMPeriod.m in Sources */ = {isa = PBXBuildFile; fileRef = CF55B6F11A028EA700944E80 /* PMPeriod.m */; };
		CF55B6FA1A028EA700944E80 /* PMSelectionView.m in Sources */ = {isa = PBXBuildFile; fileRef = CF55B6F31A028EA700944E80 /* PMSelectionView.m */; };
		CF55B6FD1A03013200944E80 /* Util.m in Sources */ = {isa = PBXBuildFile; fileRef = CF55B6FC1A03013200944E80 /* Util.m */; };
/* End PBXBuildFile section */

/* Begin PBXContainerItemProxy section */
		6C6F4CA219FD0072005E52FE /* PBXContainerItemProxy */ = {
			isa = PBXContainerItemProxy;
			containerPortal = 6C6F4C8619FD0072005E52FE /* Project object */;
			proxyType = 1;
			remoteGlobalIDString = 6C6F4C8D19FD0072005E52FE;
			remoteInfo = DailyReader;
		};
/* End PBXContainerItemProxy section */

/* Begin PBXFileReference section */
		6C28DF8D1A04F299003C46BD /* CFNetwork.framework */ = {isa = PBXFileReference; lastKnownFileType = wrapper.framework; name = CFNetwork.framework; path = System/Library/Frameworks/CFNetwork.framework; sourceTree = SDKROOT; };
		6C28DF8F1A04F2A3003C46BD /* SystemConfiguration.framework */ = {isa = PBXFileReference; lastKnownFileType = wrapper.framework; name = SystemConfiguration.framework; path = System/Library/Frameworks/SystemConfiguration.framework; sourceTree = SDKROOT; };
		6C28DF911A04F2AD003C46BD /* Security.framework */ = {isa = PBXFileReference; lastKnownFileType = wrapper.framework; name = Security.framework; path = System/Library/Frameworks/Security.framework; sourceTree = SDKROOT; };
		6C4EE45F1A05154900C04D32 /* NSAlert+MKNetworkKitAdditions.h */ = {isa = PBXFileReference; fileEncoding = 4; lastKnownFileType = sourcecode.c.h; path = "NSAlert+MKNetworkKitAdditions.h"; sourceTree = "<group>"; };
		6C4EE4601A05154900C04D32 /* NSAlert+MKNetworkKitAdditions.m */ = {isa = PBXFileReference; fileEncoding = 4; lastKnownFileType = sourcecode.c.objc; path = "NSAlert+MKNetworkKitAdditions.m"; sourceTree = "<group>"; };
		6C4EE4611A05154900C04D32 /* NSData+MKBase64.h */ = {isa = PBXFileReference; fileEncoding = 4; lastKnownFileType = sourcecode.c.h; path = "NSData+MKBase64.h"; sourceTree = "<group>"; };
		6C4EE4621A05154900C04D32 /* NSData+MKBase64.m */ = {isa = PBXFileReference; fileEncoding = 4; lastKnownFileType = sourcecode.c.objc; path = "NSData+MKBase64.m"; sourceTree = "<group>"; };
		6C4EE4631A05154900C04D32 /* NSDate+RFC1123.h */ = {isa = PBXFileReference; fileEncoding = 4; lastKnownFileType = sourcecode.c.h; path = "NSDate+RFC1123.h"; sourceTree = "<group>"; };
		6C4EE4641A05154900C04D32 /* NSDate+RFC1123.m */ = {isa = PBXFileReference; fileEncoding = 4; lastKnownFileType = sourcecode.c.objc; path = "NSDate+RFC1123.m"; sourceTree = "<group>"; };
		6C4EE4651A05154900C04D32 /* NSDictionary+RequestEncoding.h */ = {isa = PBXFileReference; fileEncoding = 4; lastKnownFileType = sourcecode.c.h; path = "NSDictionary+RequestEncoding.h"; sourceTree = "<group>"; };
		6C4EE4661A05154900C04D32 /* NSDictionary+RequestEncoding.m */ = {isa = PBXFileReference; fileEncoding = 4; lastKnownFileType = sourcecode.c.objc; path = "NSDictionary+RequestEncoding.m"; sourceTree = "<group>"; };
		6C4EE4671A05154900C04D32 /* NSString+MKNetworkKitAdditions.h */ = {isa = PBXFileReference; fileEncoding = 4; lastKnownFileType = sourcecode.c.h; path = "NSString+MKNetworkKitAdditions.h"; sourceTree = "<group>"; };
		6C4EE4681A05154900C04D32 /* NSString+MKNetworkKitAdditions.m */ = {isa = PBXFileReference; fileEncoding = 4; lastKnownFileType = sourcecode.c.objc; path = "NSString+MKNetworkKitAdditions.m"; sourceTree = "<group>"; };
		6C4EE4691A05154900C04D32 /* UIAlertView+MKNetworkKitAdditions.h */ = {isa = PBXFileReference; fileEncoding = 4; lastKnownFileType = sourcecode.c.h; path = "UIAlertView+MKNetworkKitAdditions.h"; sourceTree = "<group>"; };
		6C4EE46A1A05154900C04D32 /* UIAlertView+MKNetworkKitAdditions.m */ = {isa = PBXFileReference; fileEncoding = 4; lastKnownFileType = sourcecode.c.objc; path = "UIAlertView+MKNetworkKitAdditions.m"; sourceTree = "<group>"; };
		6C4EE46B1A05154900C04D32 /* UIImageView+MKNetworkKitAdditions.h */ = {isa = PBXFileReference; fileEncoding = 4; lastKnownFileType = sourcecode.c.h; path = "UIImageView+MKNetworkKitAdditions.h"; sourceTree = "<group>"; };
		6C4EE46C1A05154900C04D32 /* UIImageView+MKNetworkKitAdditions.m */ = {isa = PBXFileReference; fileEncoding = 4; lastKnownFileType = sourcecode.c.objc; path = "UIImageView+MKNetworkKitAdditions.m"; sourceTree = "<group>"; };
		6C4EE46D1A05154900C04D32 /* MKNetworkEngine.h */ = {isa = PBXFileReference; fileEncoding = 4; lastKnownFileType = sourcecode.c.h; path = MKNetworkEngine.h; sourceTree = "<group>"; };
		6C4EE46E1A05154900C04D32 /* MKNetworkEngine.m */ = {isa = PBXFileReference; fileEncoding = 4; lastKnownFileType = sourcecode.c.objc; path = MKNetworkEngine.m; sourceTree = "<group>"; };
		6C4EE46F1A05154900C04D32 /* MKNetworkKit.h */ = {isa = PBXFileReference; fileEncoding = 4; lastKnownFileType = sourcecode.c.h; path = MKNetworkKit.h; sourceTree = "<group>"; };
		6C4EE4701A05154900C04D32 /* MKNetworkOperation.h */ = {isa = PBXFileReference; fileEncoding = 4; lastKnownFileType = sourcecode.c.h; path = MKNetworkOperation.h; sourceTree = "<group>"; };
		6C4EE4711A05154900C04D32 /* MKNetworkOperation.m */ = {isa = PBXFileReference; fileEncoding = 4; lastKnownFileType = sourcecode.c.objc; path = MKNetworkOperation.m; sourceTree = "<group>"; };
		6C4EE4731A05154900C04D32 /* Reachability.h */ = {isa = PBXFileReference; fileEncoding = 4; lastKnownFileType = sourcecode.c.h; path = Reachability.h; sourceTree = "<group>"; };
		6C4EE4741A05154900C04D32 /* Reachability.m */ = {isa = PBXFileReference; fileEncoding = 4; lastKnownFileType = sourcecode.c.objc; path = Reachability.m; sourceTree = "<group>"; };
		6C4EE4851A05196B00C04D32 /* DailyReader-Prefix.pch */ = {isa = PBXFileReference; fileEncoding = 4; lastKnownFileType = sourcecode.c.h; path = "DailyReader-Prefix.pch"; sourceTree = "<group>"; };
		6C6F4C8E19FD0072005E52FE /* DailyReader.app */ = {isa = PBXFileReference; explicitFileType = wrapper.application; includeInIndex = 0; path = DailyReader.app; sourceTree = BUILT_PRODUCTS_DIR; };
		6C6F4C9219FD0072005E52FE /* Info.plist */ = {isa = PBXFileReference; lastKnownFileType = text.plist.xml; path = Info.plist; sourceTree = "<group>"; };
		6C6F4C9319FD0072005E52FE /* main.m */ = {isa = PBXFileReference; lastKnownFileType = sourcecode.c.objc; path = main.m; sourceTree = "<group>"; };
		6C6F4C9519FD0072005E52FE /* AppDelegate.h */ = {isa = PBXFileReference; lastKnownFileType = sourcecode.c.h; path = AppDelegate.h; sourceTree = "<group>"; };
		6C6F4C9619FD0072005E52FE /* AppDelegate.m */ = {isa = PBXFileReference; lastKnownFileType = sourcecode.c.objc; path = AppDelegate.m; sourceTree = "<group>"; };
		6C6F4C9819FD0072005E52FE /* Images.xcassets */ = {isa = PBXFileReference; lastKnownFileType = folder.assetcatalog; path = Images.xcassets; sourceTree = "<group>"; };
		6C6F4C9B19FD0072005E52FE /* Base */ = {isa = PBXFileReference; lastKnownFileType = file.xib; name = Base; path = Base.lproj/LaunchScreen.xib; sourceTree = "<group>"; };
		6C6F4CA119FD0072005E52FE /* DailyReaderTests.xctest */ = {isa = PBXFileReference; explicitFileType = wrapper.cfbundle; includeInIndex = 0; path = DailyReaderTests.xctest; sourceTree = BUILT_PRODUCTS_DIR; };
		6C6F4CA619FD0072005E52FE /* Info.plist */ = {isa = PBXFileReference; lastKnownFileType = text.plist.xml; path = Info.plist; sourceTree = "<group>"; };
		6C6F4CA719FD0072005E52FE /* DailyReaderTests.m */ = {isa = PBXFileReference; lastKnownFileType = sourcecode.c.objc; path = DailyReaderTests.m; sourceTree = "<group>"; };
		CF46749119FE867A001625A8 /* MainMenu.xib */ = {isa = PBXFileReference; fileEncoding = 4; lastKnownFileType = file.xib; path = MainMenu.xib; sourceTree = "<group>"; };
		CF55B6C91A02787B00944E80 /* DailyReaderViewController.h */ = {isa = PBXFileReference; fileEncoding = 4; lastKnownFileType = sourcecode.c.h; path = DailyReaderViewController.h; sourceTree = "<group>"; };
		CF55B6CA1A02787B00944E80 /* DailyReaderViewController.m */ = {isa = PBXFileReference; fileEncoding = 4; lastKnownFileType = sourcecode.c.objc; path = DailyReaderViewController.m; sourceTree = "<group>"; };
		CF55B6D31A027A8800944E80 /* tabbar_client_selected.png */ = {isa = PBXFileReference; lastKnownFileType = image.png; name = tabbar_client_selected.png; path = DailyReader/Resources/tabbar_client_selected.png; sourceTree = "<group>"; };
		CF55B6D41A027A8800944E80 /* tabbar_client.png */ = {isa = PBXFileReference; lastKnownFileType = image.png; name = tabbar_client.png; path = DailyReader/Resources/tabbar_client.png; sourceTree = "<group>"; };
		CF55B6D51A027A8800944E80 /* tabbar_info_selected.png */ = {isa = PBXFileReference; lastKnownFileType = image.png; name = tabbar_info_selected.png; path = DailyReader/Resources/tabbar_info_selected.png; sourceTree = "<group>"; };
		CF55B6D61A027A8800944E80 /* tabbar_info.png */ = {isa = PBXFileReference; lastKnownFileType = image.png; name = tabbar_info.png; path = DailyReader/Resources/tabbar_info.png; sourceTree = "<group>"; };
		CF55B6D71A027A8800944E80 /* tabbar_more_selected.png */ = {isa = PBXFileReference; lastKnownFileType = image.png; name = tabbar_more_selected.png; path = DailyReader/Resources/tabbar_more_selected.png; sourceTree = "<group>"; };
		CF55B6D81A027A8800944E80 /* tabbar_more.png */ = {isa = PBXFileReference; lastKnownFileType = image.png; name = tabbar_more.png; path = DailyReader/Resources/tabbar_more.png; sourceTree = "<group>"; };
		CF55B6D91A027A8800944E80 /* tabbar_product_selected.png */ = {isa = PBXFileReference; lastKnownFileType = image.png; name = tabbar_product_selected.png; path = DailyReader/Resources/tabbar_product_selected.png; sourceTree = "<group>"; };
		CF55B6DA1A027A8800944E80 /* tabbar_product.png */ = {isa = PBXFileReference; lastKnownFileType = image.png; name = tabbar_product.png; path = DailyReader/Resources/tabbar_product.png; sourceTree = "<group>"; };
		CF55B6E41A028EA700944E80 /* NSDate+Helpers.h */ = {isa = PBXFileReference; fileEncoding = 4; lastKnownFileType = sourcecode.c.h; name = "NSDate+Helpers.h"; path = "Calendar/NSDate+Helpers.h"; sourceTree = "<group>"; };
		CF55B6E51A028EA700944E80 /* NSDate+Helpers.m */ = {isa = PBXFileReference; fileEncoding = 4; lastKnownFileType = sourcecode.c.objc; name = "NSDate+Helpers.m"; path = "Calendar/NSDate+Helpers.m"; sourceTree = "<group>"; };
		CF55B6E61A028EA700944E80 /* PMCalendarBackgroundView.h */ = {isa = PBXFileReference; fileEncoding = 4; lastKnownFileType = sourcecode.c.h; name = PMCalendarBackgroundView.h; path = Calendar/PMCalendarBackgroundView.h; sourceTree = "<group>"; };
		CF55B6E71A028EA700944E80 /* PMCalendarBackgroundView.m */ = {isa = PBXFileReference; fileEncoding = 4; lastKnownFileType = sourcecode.c.objc; name = PMCalendarBackgroundView.m; path = Calendar/PMCalendarBackgroundView.m; sourceTree = "<group>"; };
		CF55B6E81A028EA700944E80 /* PMCalendarConstants.h */ = {isa = PBXFileReference; fileEncoding = 4; lastKnownFileType = sourcecode.c.h; name = PMCalendarConstants.h; path = Calendar/PMCalendarConstants.h; sourceTree = "<group>"; };
		CF55B6E91A028EA700944E80 /* PMCalendarController.h */ = {isa = PBXFileReference; fileEncoding = 4; lastKnownFileType = sourcecode.c.h; name = PMCalendarController.h; path = Calendar/PMCalendarController.h; sourceTree = "<group>"; };
		CF55B6EA1A028EA700944E80 /* PMCalendarController.m */ = {isa = PBXFileReference; fileEncoding = 4; lastKnownFileType = sourcecode.c.objc; name = PMCalendarController.m; path = Calendar/PMCalendarController.m; sourceTree = "<group>"; };
		CF55B6EB1A028EA700944E80 /* PMCalendarHelpers.h */ = {isa = PBXFileReference; fileEncoding = 4; lastKnownFileType = sourcecode.c.h; name = PMCalendarHelpers.h; path = Calendar/PMCalendarHelpers.h; sourceTree = "<group>"; };
		CF55B6EC1A028EA700944E80 /* PMCalendarView.h */ = {isa = PBXFileReference; fileEncoding = 4; lastKnownFileType = sourcecode.c.h; name = PMCalendarView.h; path = Calendar/PMCalendarView.h; sourceTree = "<group>"; };
		CF55B6ED1A028EA700944E80 /* PMCalendarView.m */ = {isa = PBXFileReference; fileEncoding = 4; lastKnownFileType = sourcecode.c.objc; name = PMCalendarView.m; path = Calendar/PMCalendarView.m; sourceTree = "<group>"; };
		CF55B6EE1A028EA700944E80 /* PMDimmingView.h */ = {isa = PBXFileReference; fileEncoding = 4; lastKnownFileType = sourcecode.c.h; name = PMDimmingView.h; path = Calendar/PMDimmingView.h; sourceTree = "<group>"; };
		CF55B6EF1A028EA700944E80 /* PMDimmingView.m */ = {isa = PBXFileReference; fileEncoding = 4; lastKnownFileType = sourcecode.c.objc; name = PMDimmingView.m; path = Calendar/PMDimmingView.m; sourceTree = "<group>"; };
		CF55B6F01A028EA700944E80 /* PMPeriod.h */ = {isa = PBXFileReference; fileEncoding = 4; lastKnownFileType = sourcecode.c.h; name = PMPeriod.h; path = Calendar/PMPeriod.h; sourceTree = "<group>"; };
		CF55B6F11A028EA700944E80 /* PMPeriod.m */ = {isa = PBXFileReference; fileEncoding = 4; lastKnownFileType = sourcecode.c.objc; name = PMPeriod.m; path = Calendar/PMPeriod.m; sourceTree = "<group>"; };
		CF55B6F21A028EA700944E80 /* PMSelectionView.h */ = {isa = PBXFileReference; fileEncoding = 4; lastKnownFileType = sourcecode.c.h; name = PMSelectionView.h; path = Calendar/PMSelectionView.h; sourceTree = "<group>"; };
		CF55B6F31A028EA700944E80 /* PMSelectionView.m */ = {isa = PBXFileReference; fileEncoding = 4; lastKnownFileType = sourcecode.c.objc; name = PMSelectionView.m; path = Calendar/PMSelectionView.m; sourceTree = "<group>"; };
		CF55B6FB1A03011C00944E80 /* Util.h */ = {isa = PBXFileReference; fileEncoding = 4; lastKnownFileType = sourcecode.c.h; path = Util.h; sourceTree = "<group>"; };
		CF55B6FC1A03013200944E80 /* Util.m */ = {isa = PBXFileReference; fileEncoding = 4; lastKnownFileType = sourcecode.c.objc; path = Util.m; sourceTree = "<group>"; };
/* End PBXFileReference section */

/* Begin PBXFrameworksBuildPhase section */
		6C6F4C8B19FD0072005E52FE /* Frameworks */ = {
			isa = PBXFrameworksBuildPhase;
			buildActionMask = 2147483647;
			files = (
				6C28DF921A04F2AD003C46BD /* Security.framework in Frameworks */,
				6C28DF901A04F2A3003C46BD /* SystemConfiguration.framework in Frameworks */,
				6C28DF8E1A04F299003C46BD /* CFNetwork.framework in Frameworks */,
			);
			runOnlyForDeploymentPostprocessing = 0;
		};
		6C6F4C9E19FD0072005E52FE /* Frameworks */ = {
			isa = PBXFrameworksBuildPhase;
			buildActionMask = 2147483647;
			files = (
			);
			runOnlyForDeploymentPostprocessing = 0;
		};
/* End PBXFrameworksBuildPhase section */

/* Begin PBXGroup section */
		6C4EE45D1A05154900C04D32 /* MKNetworkKit */ = {
			isa = PBXGroup;
			children = (
				6C4EE45E1A05154900C04D32 /* Categories */,
				6C4EE46D1A05154900C04D32 /* MKNetworkEngine.h */,
				6C4EE46E1A05154900C04D32 /* MKNetworkEngine.m */,
				6C4EE46F1A05154900C04D32 /* MKNetworkKit.h */,
				6C4EE4701A05154900C04D32 /* MKNetworkOperation.h */,
				6C4EE4711A05154900C04D32 /* MKNetworkOperation.m */,
				6C4EE4721A05154900C04D32 /* Reachability */,
			);
			name = MKNetworkKit;
			path = DailyReader/MKNetworkKit;
			sourceTree = "<group>";
		};
		6C4EE45E1A05154900C04D32 /* Categories */ = {
			isa = PBXGroup;
			children = (
				6C4EE45F1A05154900C04D32 /* NSAlert+MKNetworkKitAdditions.h */,
				6C4EE4601A05154900C04D32 /* NSAlert+MKNetworkKitAdditions.m */,
				6C4EE4611A05154900C04D32 /* NSData+MKBase64.h */,
				6C4EE4621A05154900C04D32 /* NSData+MKBase64.m */,
				6C4EE4631A05154900C04D32 /* NSDate+RFC1123.h */,
				6C4EE4641A05154900C04D32 /* NSDate+RFC1123.m */,
				6C4EE4651A05154900C04D32 /* NSDictionary+RequestEncoding.h */,
				6C4EE4661A05154900C04D32 /* NSDictionary+RequestEncoding.m */,
				6C4EE4671A05154900C04D32 /* NSString+MKNetworkKitAdditions.h */,
				6C4EE4681A05154900C04D32 /* NSString+MKNetworkKitAdditions.m */,
				6C4EE4691A05154900C04D32 /* UIAlertView+MKNetworkKitAdditions.h */,
				6C4EE46A1A05154900C04D32 /* UIAlertView+MKNetworkKitAdditions.m */,
				6C4EE46B1A05154900C04D32 /* UIImageView+MKNetworkKitAdditions.h */,
				6C4EE46C1A05154900C04D32 /* UIImageView+MKNetworkKitAdditions.m */,
			);
			path = Categories;
			sourceTree = "<group>";
		};
		6C4EE4721A05154900C04D32 /* Reachability */ = {
			isa = PBXGroup;
			children = (
				6C4EE4731A05154900C04D32 /* Reachability.h */,
				6C4EE4741A05154900C04D32 /* Reachability.m */,
			);
			path = Reachability;
			sourceTree = "<group>";
		};
		6C4EE47F1A05156700C04D32 /* Frameworks */ = {
			isa = PBXGroup;
			children = (
				6C28DF911A04F2AD003C46BD /* Security.framework */,
				6C28DF8F1A04F2A3003C46BD /* SystemConfiguration.framework */,
				6C28DF8D1A04F299003C46BD /* CFNetwork.framework */,
			);
			name = Frameworks;
			sourceTree = "<group>";
		};
		6C6A0A881A0295BD007BA57E /* Manager */ = {
			isa = PBXGroup;
			children = (
			);
			path = Manager;
			sourceTree = "<group>";
		};
		6C6F4C8519FD0072005E52FE = {
			isa = PBXGroup;
			children = (
				6C4EE45D1A05154900C04D32 /* MKNetworkKit */,
				6C6F4C9019FD0072005E52FE /* DailyReader */,
				6C4EE47F1A05156700C04D32 /* Frameworks */,
				CF55B6D21A027A2D00944E80 /* Resources */,
				6C6F4CA419FD0072005E52FE /* DailyReaderTests */,
				6C6F4C8F19FD0072005E52FE /* Products */,
			);
			sourceTree = "<group>";
		};
		6C6F4C8F19FD0072005E52FE /* Products */ = {
			isa = PBXGroup;
			children = (
				6C6F4C8E19FD0072005E52FE /* DailyReader.app */,
				6C6F4CA119FD0072005E52FE /* DailyReaderTests.xctest */,
			);
			name = Products;
			sourceTree = "<group>";
		};
		6C6F4C9019FD0072005E52FE /* DailyReader */ = {
			isa = PBXGroup;
			children = (
				6C6A0A881A0295BD007BA57E /* Manager */,
				CF55B6E31A028E3F00944E80 /* Calendar */,
				CF55B6C91A02787B00944E80 /* DailyReaderViewController.h */,
				CF55B6CA1A02787B00944E80 /* DailyReaderViewController.m */,
				6C6F4C9519FD0072005E52FE /* AppDelegate.h */,
				6C6F4C9619FD0072005E52FE /* AppDelegate.m */,
				6C4EE4851A05196B00C04D32 /* DailyReader-Prefix.pch */,
				6C6F4C9819FD0072005E52FE /* Images.xcassets */,
				6C6F4C9A19FD0072005E52FE /* LaunchScreen.xib */,
				CF46749119FE867A001625A8 /* MainMenu.xib */,
				6C6F4C9119FD0072005E52FE /* Supporting Files */,
				CF55B6FB1A03011C00944E80 /* Util.h */,
				CF55B6FC1A03013200944E80 /* Util.m */,
			);
			path = DailyReader;
			sourceTree = "<group>";
		};
		6C6F4C9119FD0072005E52FE /* Supporting Files */ = {
			isa = PBXGroup;
			children = (
				6C6F4C9219FD0072005E52FE /* Info.plist */,
				6C6F4C9319FD0072005E52FE /* main.m */,
			);
			name = "Supporting Files";
			sourceTree = "<group>";
		};
		6C6F4CA419FD0072005E52FE /* DailyReaderTests */ = {
			isa = PBXGroup;
			children = (
				6C6F4CA719FD0072005E52FE /* DailyReaderTests.m */,
				6C6F4CA519FD0072005E52FE /* Supporting Files */,
			);
			path = DailyReaderTests;
			sourceTree = "<group>";
		};
		6C6F4CA519FD0072005E52FE /* Supporting Files */ = {
			isa = PBXGroup;
			children = (
				6C6F4CA619FD0072005E52FE /* Info.plist */,
			);
			name = "Supporting Files";
			sourceTree = "<group>";
		};
		CF55B6D21A027A2D00944E80 /* Resources */ = {
			isa = PBXGroup;
			children = (
				CF55B6D31A027A8800944E80 /* tabbar_client_selected.png */,
				CF55B6D41A027A8800944E80 /* tabbar_client.png */,
				CF55B6D51A027A8800944E80 /* tabbar_info_selected.png */,
				CF55B6D61A027A8800944E80 /* tabbar_info.png */,
				CF55B6D71A027A8800944E80 /* tabbar_more_selected.png */,
				CF55B6D81A027A8800944E80 /* tabbar_more.png */,
				CF55B6D91A027A8800944E80 /* tabbar_product_selected.png */,
				CF55B6DA1A027A8800944E80 /* tabbar_product.png */,
			);
			name = Resources;
			sourceTree = "<group>";
		};
		CF55B6E31A028E3F00944E80 /* Calendar */ = {
			isa = PBXGroup;
			children = (
				CF55B6E41A028EA700944E80 /* NSDate+Helpers.h */,
				CF55B6E51A028EA700944E80 /* NSDate+Helpers.m */,
				CF55B6E61A028EA700944E80 /* PMCalendarBackgroundView.h */,
				CF55B6E71A028EA700944E80 /* PMCalendarBackgroundView.m */,
				CF55B6E81A028EA700944E80 /* PMCalendarConstants.h */,
				CF55B6E91A028EA700944E80 /* PMCalendarController.h */,
				CF55B6EA1A028EA700944E80 /* PMCalendarController.m */,
				CF55B6EB1A028EA700944E80 /* PMCalendarHelpers.h */,
				CF55B6EC1A028EA700944E80 /* PMCalendarView.h */,
				CF55B6ED1A028EA700944E80 /* PMCalendarView.m */,
				CF55B6EE1A028EA700944E80 /* PMDimmingView.h */,
				CF55B6EF1A028EA700944E80 /* PMDimmingView.m */,
				CF55B6F01A028EA700944E80 /* PMPeriod.h */,
				CF55B6F11A028EA700944E80 /* PMPeriod.m */,
				CF55B6F21A028EA700944E80 /* PMSelectionView.h */,
				CF55B6F31A028EA700944E80 /* PMSelectionView.m */,
			);
			name = Calendar;
			sourceTree = "<group>";
		};
/* End PBXGroup section */

/* Begin PBXNativeTarget section */
		6C6F4C8D19FD0072005E52FE /* DailyReader */ = {
			isa = PBXNativeTarget;
			buildConfigurationList = 6C6F4CAB19FD0072005E52FE /* Build configuration list for PBXNativeTarget "DailyReader" */;
			buildPhases = (
				6C6F4C8A19FD0072005E52FE /* Sources */,
				6C6F4C8B19FD0072005E52FE /* Frameworks */,
				6C6F4C8C19FD0072005E52FE /* Resources */,
			);
			buildRules = (
			);
			dependencies = (
			);
			name = DailyReader;
			productName = DailyReader;
			productReference = 6C6F4C8E19FD0072005E52FE /* DailyReader.app */;
			productType = "com.apple.product-type.application";
		};
		6C6F4CA019FD0072005E52FE /* DailyReaderTests */ = {
			isa = PBXNativeTarget;
			buildConfigurationList = 6C6F4CAE19FD0072005E52FE /* Build configuration list for PBXNativeTarget "DailyReaderTests" */;
			buildPhases = (
				6C6F4C9D19FD0072005E52FE /* Sources */,
				6C6F4C9E19FD0072005E52FE /* Frameworks */,
				6C6F4C9F19FD0072005E52FE /* Resources */,
			);
			buildRules = (
			);
			dependencies = (
				6C6F4CA319FD0072005E52FE /* PBXTargetDependency */,
			);
			name = DailyReaderTests;
			productName = DailyReaderTests;
			productReference = 6C6F4CA119FD0072005E52FE /* DailyReaderTests.xctest */;
			productType = "com.apple.product-type.bundle.unit-test";
		};
/* End PBXNativeTarget section */

/* Begin PBXProject section */
		6C6F4C8619FD0072005E52FE /* Project object */ = {
			isa = PBXProject;
			attributes = {
				LastUpgradeCheck = 0610;
				ORGANIZATIONNAME = SellaMoe;
				TargetAttributes = {
					6C6F4C8D19FD0072005E52FE = {
						CreatedOnToolsVersion = 6.1;
					};
					6C6F4CA019FD0072005E52FE = {
						CreatedOnToolsVersion = 6.1;
						TestTargetID = 6C6F4C8D19FD0072005E52FE;
					};
				};
			};
			buildConfigurationList = 6C6F4C8919FD0072005E52FE /* Build configuration list for PBXProject "DailyReader" */;
			compatibilityVersion = "Xcode 3.2";
			developmentRegion = English;
			hasScannedForEncodings = 0;
			knownRegions = (
				en,
				Base,
			);
			mainGroup = 6C6F4C8519FD0072005E52FE;
			productRefGroup = 6C6F4C8F19FD0072005E52FE /* Products */;
			projectDirPath = "";
			projectRoot = "";
			targets = (
				6C6F4C8D19FD0072005E52FE /* DailyReader */,
				6C6F4CA019FD0072005E52FE /* DailyReaderTests */,
			);
		};
/* End PBXProject section */

/* Begin PBXResourcesBuildPhase section */
		6C6F4C8C19FD0072005E52FE /* Resources */ = {
			isa = PBXResourcesBuildPhase;
			buildActionMask = 2147483647;
			files = (
				CF55B6E01A027A8800944E80 /* tabbar_more.png in Resources */,
				CF55B6DE1A027A8800944E80 /* tabbar_info.png in Resources */,
				CF55B6E21A027A8800944E80 /* tabbar_product.png in Resources */,
				CF55B6DF1A027A8800944E80 /* tabbar_more_selected.png in Resources */,
				CF55B6DD1A027A8800944E80 /* tabbar_info_selected.png in Resources */,
				6C6F4C9C19FD0072005E52FE /* LaunchScreen.xib in Resources */,
				6C6F4C9919FD0072005E52FE /* Images.xcassets in Resources */,
				CF46749219FE867A001625A8 /* MainMenu.xib in Resources */,
				CF55B6DC1A027A8800944E80 /* tabbar_client.png in Resources */,
				CF55B6E11A027A8800944E80 /* tabbar_product_selected.png in Resources */,
				CF55B6DB1A027A8800944E80 /* tabbar_client_selected.png in Resources */,
			);
			runOnlyForDeploymentPostprocessing = 0;
		};
		6C6F4C9F19FD0072005E52FE /* Resources */ = {
			isa = PBXResourcesBuildPhase;
			buildActionMask = 2147483647;
			files = (
			);
			runOnlyForDeploymentPostprocessing = 0;
		};
/* End PBXResourcesBuildPhase section */

/* Begin PBXSourcesBuildPhase section */
		6C6F4C8A19FD0072005E52FE /* Sources */ = {
			isa = PBXSourcesBuildPhase;
			buildActionMask = 2147483647;
			files = (
				CF55B6FD1A03013200944E80 /* Util.m in Sources */,
				CF55B6F61A028EA700944E80 /* PMCalendarController.m in Sources */,
				CF55B6F71A028EA700944E80 /* PMCalendarView.m in Sources */,
				6C4EE4751A05154900C04D32 /* NSAlert+MKNetworkKitAdditions.m in Sources */,
				CF55B6F41A028EA700944E80 /* NSDate+Helpers.m in Sources */,
				CF55B6CB1A02787B00944E80 /* DailyReaderViewController.m in Sources */,
				6C4EE47D1A05154900C04D32 /* MKNetworkOperation.m in Sources */,
				6C6F4C9719FD0072005E52FE /* AppDelegate.m in Sources */,
				6C6F4C9419FD0072005E52FE /* main.m in Sources */,
				6C4EE4761A05154900C04D32 /* NSData+MKBase64.m in Sources */,
				6C4EE47E1A05154900C04D32 /* Reachability.m in Sources */,
				6C4EE47C1A05154900C04D32 /* MKNetworkEngine.m in Sources */,
				6C4EE4771A05154900C04D32 /* NSDate+RFC1123.m in Sources */,
				6C4EE4781A05154900C04D32 /* NSDictionary+RequestEncoding.m in Sources */,
				CF55B6FA1A028EA700944E80 /* PMSelectionView.m in Sources */,
				6C4EE47A1A05154900C04D32 /* UIAlertView+MKNetworkKitAdditions.m in Sources */,
				CF55B6F91A028EA700944E80 /* PMPeriod.m in Sources */,
				6C4EE47B1A05154900C04D32 /* UIImageView+MKNetworkKitAdditions.m in Sources */,
				CF55B6F51A028EA700944E80 /* PMCalendarBackgroundView.m in Sources */,
				6C4EE4791A05154900C04D32 /* NSString+MKNetworkKitAdditions.m in Sources */,
				CF55B6F81A028EA700944E80 /* PMDimmingView.m in Sources */,
			);
			runOnlyForDeploymentPostprocessing = 0;
		};
		6C6F4C9D19FD0072005E52FE /* Sources */ = {
			isa = PBXSourcesBuildPhase;
			buildActionMask = 2147483647;
			files = (
				6C6F4CA819FD0072005E52FE /* DailyReaderTests.m in Sources */,
			);
			runOnlyForDeploymentPostprocessing = 0;
		};
/* End PBXSourcesBuildPhase section */

/* Begin PBXTargetDependency section */
		6C6F4CA319FD0072005E52FE /* PBXTargetDependency */ = {
			isa = PBXTargetDependency;
			target = 6C6F4C8D19FD0072005E52FE /* DailyReader */;
			targetProxy = 6C6F4CA219FD0072005E52FE /* PBXContainerItemProxy */;
		};
/* End PBXTargetDependency section */

/* Begin PBXVariantGroup section */
		6C6F4C9A19FD0072005E52FE /* LaunchScreen.xib */ = {
			isa = PBXVariantGroup;
			children = (
				6C6F4C9B19FD0072005E52FE /* Base */,
			);
			name = LaunchScreen.xib;
			sourceTree = "<group>";
		};
/* End PBXVariantGroup section */

/* Begin XCBuildConfiguration section */
		6C6F4CA919FD0072005E52FE /* Debug */ = {
			isa = XCBuildConfiguration;
			buildSettings = {
				ALWAYS_SEARCH_USER_PATHS = NO;
				CLANG_CXX_LANGUAGE_STANDARD = "gnu++0x";
				CLANG_CXX_LIBRARY = "libc++";
				CLANG_ENABLE_MODULES = YES;
				CLANG_ENABLE_OBJC_ARC = YES;
				CLANG_WARN_BOOL_CONVERSION = YES;
				CLANG_WARN_CONSTANT_CONVERSION = YES;
				CLANG_WARN_DIRECT_OBJC_ISA_USAGE = YES_ERROR;
				CLANG_WARN_EMPTY_BODY = YES;
				CLANG_WARN_ENUM_CONVERSION = YES;
				CLANG_WARN_INT_CONVERSION = YES;
				CLANG_WARN_OBJC_ROOT_CLASS = YES_ERROR;
				CLANG_WARN_UNREACHABLE_CODE = YES;
				CLANG_WARN__DUPLICATE_METHOD_MATCH = YES;
				"CODE_SIGN_IDENTITY[sdk=iphoneos*]" = "iPhone Developer";
				COPY_PHASE_STRIP = NO;
				ENABLE_STRICT_OBJC_MSGSEND = YES;
				GCC_C_LANGUAGE_STANDARD = gnu99;
				GCC_DYNAMIC_NO_PIC = NO;
				GCC_OPTIMIZATION_LEVEL = 0;
				GCC_PREPROCESSOR_DEFINITIONS = (
					"DEBUG=1",
					"$(inherited)",
				);
				GCC_SYMBOLS_PRIVATE_EXTERN = NO;
				GCC_WARN_64_TO_32_BIT_CONVERSION = YES;
				GCC_WARN_ABOUT_RETURN_TYPE = YES_ERROR;
				GCC_WARN_UNDECLARED_SELECTOR = YES;
				GCC_WARN_UNINITIALIZED_AUTOS = YES_AGGRESSIVE;
				GCC_WARN_UNUSED_FUNCTION = YES;
				GCC_WARN_UNUSED_VARIABLE = YES;
				IPHONEOS_DEPLOYMENT_TARGET = 8.1;
				MTL_ENABLE_DEBUG_INFO = YES;
				ONLY_ACTIVE_ARCH = YES;
				SDKROOT = iphoneos;
			};
			name = Debug;
		};
		6C6F4CAA19FD0072005E52FE /* Release */ = {
			isa = XCBuildConfiguration;
			buildSettings = {
				ALWAYS_SEARCH_USER_PATHS = NO;
				CLANG_CXX_LANGUAGE_STANDARD = "gnu++0x";
				CLANG_CXX_LIBRARY = "libc++";
				CLANG_ENABLE_MODULES = YES;
				CLANG_ENABLE_OBJC_ARC = YES;
				CLANG_WARN_BOOL_CONVERSION = YES;
				CLANG_WARN_CONSTANT_CONVERSION = YES;
				CLANG_WARN_DIRECT_OBJC_ISA_USAGE = YES_ERROR;
				CLANG_WARN_EMPTY_BODY = YES;
				CLANG_WARN_ENUM_CONVERSION = YES;
				CLANG_WARN_INT_CONVERSION = YES;
				CLANG_WARN_OBJC_ROOT_CLASS = YES_ERROR;
				CLANG_WARN_UNREACHABLE_CODE = YES;
				CLANG_WARN__DUPLICATE_METHOD_MATCH = YES;
				"CODE_SIGN_IDENTITY[sdk=iphoneos*]" = "iPhone Developer";
				COPY_PHASE_STRIP = YES;
				ENABLE_NS_ASSERTIONS = NO;
				ENABLE_STRICT_OBJC_MSGSEND = YES;
				GCC_C_LANGUAGE_STANDARD = gnu99;
				GCC_WARN_64_TO_32_BIT_CONVERSION = YES;
				GCC_WARN_ABOUT_RETURN_TYPE = YES_ERROR;
				GCC_WARN_UNDECLARED_SELECTOR = YES;
				GCC_WARN_UNINITIALIZED_AUTOS = YES_AGGRESSIVE;
				GCC_WARN_UNUSED_FUNCTION = YES;
				GCC_WARN_UNUSED_VARIABLE = YES;
				IPHONEOS_DEPLOYMENT_TARGET = 8.1;
				MTL_ENABLE_DEBUG_INFO = NO;
				SDKROOT = iphoneos;
				VALIDATE_PRODUCT = YES;
			};
			name = Release;
		};
		6C6F4CAC19FD0072005E52FE /* Debug */ = {
			isa = XCBuildConfiguration;
			buildSettings = {
				ARCHS = "$(ARCHS_STANDARD)";
				ASSETCATALOG_COMPILER_APPICON_NAME = AppIcon;
				CLANG_ENABLE_OBJC_ARC = YES;
				CODE_SIGN_IDENTITY = "iPhone Developer";
				GCC_PRECOMPILE_PREFIX_HEADER = YES;
				GCC_PREFIX_HEADER = "DailyReader/DailyReader-Prefix.pch";
				INFOPLIST_FILE = DailyReader/Info.plist;
				IPHONEOS_DEPLOYMENT_TARGET = 5.1.1;
				LD_RUNPATH_SEARCH_PATHS = "";
				ONLY_ACTIVE_ARCH = NO;
				OTHER_LDFLAGS = "";
				PRODUCT_NAME = "$(TARGET_NAME)";
			};
			name = Debug;
		};
		6C6F4CAD19FD0072005E52FE /* Release */ = {
			isa = XCBuildConfiguration;
			buildSettings = {
				ARCHS = "$(ARCHS_STANDARD)";
				ASSETCATALOG_COMPILER_APPICON_NAME = AppIcon;
				CLANG_ENABLE_OBJC_ARC = YES;
				CODE_SIGN_IDENTITY = "iPhone Developer";
				GCC_PRECOMPILE_PREFIX_HEADER = YES;
				GCC_PREFIX_HEADER = "DailyReader/DailyReader-Prefix.pch";
				INFOPLIST_FILE = DailyReader/Info.plist;
				IPHONEOS_DEPLOYMENT_TARGET = 5.1.1;
				LD_RUNPATH_SEARCH_PATHS = "";
				OTHER_LDFLAGS = "";
				PRODUCT_NAME = "$(TARGET_NAME)";
			};
			name = Release;
		};
		6C6F4CAF19FD0072005E52FE /* Debug */ = {
			isa = XCBuildConfiguration;
			buildSettings = {
				BUNDLE_LOADER = "$(TEST_HOST)";
				FRAMEWORK_SEARCH_PATHS = (
					"$(SDKROOT)/Developer/Library/Frameworks",
					"$(inherited)",
				);
				GCC_PREPROCESSOR_DEFINITIONS = (
					"DEBUG=1",
					"$(inherited)",
				);
				INFOPLIST_FILE = DailyReaderTests/Info.plist;
				LD_RUNPATH_SEARCH_PATHS = "$(inherited) @executable_path/Frameworks @loader_path/Frameworks";
				PRODUCT_NAME = "$(TARGET_NAME)";
				TEST_HOST = "$(BUILT_PRODUCTS_DIR)/DailyReader.app/DailyReader";
			};
			name = Debug;
		};
		6C6F4CB019FD0072005E52FE /* Release */ = {
			isa = XCBuildConfiguration;
			buildSettings = {
				BUNDLE_LOADER = "$(TEST_HOST)";
				FRAMEWORK_SEARCH_PATHS = (
					"$(SDKROOT)/Developer/Library/Frameworks",
					"$(inherited)",
				);
				INFOPLIST_FILE = DailyReaderTests/Info.plist;
				LD_RUNPATH_SEARCH_PATHS = "$(inherited) @executable_path/Frameworks @loader_path/Frameworks";
				PRODUCT_NAME = "$(TARGET_NAME)";
				TEST_HOST = "$(BUILT_PRODUCTS_DIR)/DailyReader.app/DailyReader";
			};
			name = Release;
		};
/* End XCBuildConfiguration section */

/* Begin XCConfigurationList section */
		6C6F4C8919FD0072005E52FE /* Build configuration list for PBXProject "DailyReader" */ = {
			isa = XCConfigurationList;
			buildConfigurations = (
				6C6F4CA919FD0072005E52FE /* Debug */,
				6C6F4CAA19FD0072005E52FE /* Release */,
			);
			defaultConfigurationIsVisible = 0;
			defaultConfigurationName = Release;
		};
		6C6F4CAB19FD0072005E52FE /* Build configuration list for PBXNativeTarget "DailyReader" */ = {
			isa = XCConfigurationList;
			buildConfigurations = (
				6C6F4CAC19FD0072005E52FE /* Debug */,
				6C6F4CAD19FD0072005E52FE /* Release */,
			);
			defaultConfigurationIsVisible = 0;
			defaultConfigurationName = Release;
		};
		6C6F4CAE19FD0072005E52FE /* Build configuration list for PBXNativeTarget "DailyReaderTests" */ = {
			isa = XCConfigurationList;
			buildConfigurations = (
				6C6F4CAF19FD0072005E52FE /* Debug */,
				6C6F4CB019FD0072005E52FE /* Release */,
			);
			defaultConfigurationIsVisible = 0;
			defaultConfigurationName = Release;
		};
/* End XCConfigurationList section */
	};
	rootObject = 6C6F4C8619FD0072005E52FE /* Project object */;
}
